
Microsoft Visual Studio Solution File, Format Version 12.00
# Visual Studio Version 16
VisualStudioVersion = 16.0.30907.101
MinimumVisualStudioVersion = 10.0.40219.1
Project("{FAE04EC0-301F-11D3-BF4B-00C04F79EFBC}") = "WorkingWithDates", "WorkingWithDates\WorkingWithDates.csproj", "{FDC83675-D7EF-4E05-BE9E-0F751979B18A}"
EndProject
Global
	GlobalSection(SolutionConfigurationPlatforms) = preSolution
		Debug|Any CPU = Debug|Any CPU
		Release|Any CPU = Release|Any CPU
	EndGlobalSection
	GlobalSection(ProjectConfigurationPlatforms) = postSolution
		{FDC83675-D7EF-4E05-BE9E-0F751979B18A}.Debug|Any CPU.ActiveCfg = Debug|Any CPU
		{FDC83675-D7EF-4E05-BE9E-0F751979B18A}.Debug|Any CPU.Build.0 = Debug|Any CPU
		{FDC83675-D7EF-4E05-BE9E-0F751979B18A}.Release|Any CPU.ActiveCfg = Release|Any CPU
		{FDC83675-D7EF-4E05-BE9E-0F751979B18A}.Release|Any CPU.Build.0 = Release|Any CPU
	EndGlobalSection
	GlobalSection(SolutionProperties) = preSolution
		HideSolutionNode = FALSE
	EndGlobalSection
	GlobalSection(ExtensibilityGlobals) = postSolution
		SolutionGuid = {3567D330-877F-4863-B506-37E1C7344695}
	EndGlobalSection
EndGlobal
